// !$*UTF8*$!
{
	archiveVersion = 1;
	classes = {
	};
	objectVersion = 50;
	objects = {

/* Begin PBXBuildFile section */
		0614224A20A967A40091B5A5 /* TableViewController.swift in Sources */ = {isa = PBXBuildFile; fileRef = 0614224920A967A40091B5A5 /* TableViewController.swift */; };
		0614224C20A97D0F0091B5A5 /* DatabaseTableViewCell.swift in Sources */ = {isa = PBXBuildFile; fileRef = 0614224B20A97D0F0091B5A5 /* DatabaseTableViewCell.swift */; };
		06168E0F20A2CDCE008BD56E /* AppDelegate.swift in Sources */ = {isa = PBXBuildFile; fileRef = 06168E0E20A2CDCE008BD56E /* AppDelegate.swift */; };
		06168E1420A2CDCE008BD56E /* Main.storyboard in Resources */ = {isa = PBXBuildFile; fileRef = 06168E1220A2CDCE008BD56E /* Main.storyboard */; };
		06168E1720A2CDCE008BD56E /* Computer_database.xcdatamodeld in Sources */ = {isa = PBXBuildFile; fileRef = 06168E1520A2CDCE008BD56E /* Computer_database.xcdatamodeld */; };
		06168E1920A2CDD1008BD56E /* Assets.xcassets in Resources */ = {isa = PBXBuildFile; fileRef = 06168E1820A2CDD1008BD56E /* Assets.xcassets */; };
		06168E1C20A2CDD1008BD56E /* LaunchScreen.storyboard in Resources */ = {isa = PBXBuildFile; fileRef = 06168E1A20A2CDD1008BD56E /* LaunchScreen.storyboard */; };
		0644213A20A857A1005A1DE4 /* APIManager.swift in Sources */ = {isa = PBXBuildFile; fileRef = 0644213920A857A1005A1DE4 /* APIManager.swift */; };
/* End PBXBuildFile section */

/* Begin PBXFileReference section */
		0614224920A967A40091B5A5 /* TableViewController.swift */ = {isa = PBXFileReference; lastKnownFileType = sourcecode.swift; path = TableViewController.swift; sourceTree = "<group>"; };
		0614224B20A97D0F0091B5A5 /* DatabaseTableViewCell.swift */ = {isa = PBXFileReference; lastKnownFileType = sourcecode.swift; path = DatabaseTableViewCell.swift; sourceTree = "<group>"; };
		06168E0B20A2CDCE008BD56E /* Computer database.app */ = {isa = PBXFileReference; explicitFileType = wrapper.application; includeInIndex = 0; path = "Computer database.app"; sourceTree = BUILT_PRODUCTS_DIR; };
		06168E0E20A2CDCE008BD56E /* AppDelegate.swift */ = {isa = PBXFileReference; lastKnownFileType = sourcecode.swift; path = AppDelegate.swift; sourceTree = "<group>"; };
		06168E1320A2CDCE008BD56E /* Base */ = {isa = PBXFileReference; lastKnownFileType = file.storyboard; name = Base; path = Base.lproj/Main.storyboard; sourceTree = "<group>"; };
		06168E1620A2CDCE008BD56E /* Computer_database.xcdatamodel */ = {isa = PBXFileReference; lastKnownFileType = wrapper.xcdatamodel; path = Computer_database.xcdatamodel; sourceTree = "<group>"; };
		06168E1820A2CDD1008BD56E /* Assets.xcassets */ = {isa = PBXFileReference; lastKnownFileType = folder.assetcatalog; path = Assets.xcassets; sourceTree = "<group>"; };
		06168E1B20A2CDD1008BD56E /* Base */ = {isa = PBXFileReference; lastKnownFileType = file.storyboard; name = Base; path = Base.lproj/LaunchScreen.storyboard; sourceTree = "<group>"; };
		06168E1D20A2CDD1008BD56E /* Info.plist */ = {isa = PBXFileReference; lastKnownFileType = text.plist.xml; path = Info.plist; sourceTree = "<group>"; };
		0644213920A857A1005A1DE4 /* APIManager.swift */ = {isa = PBXFileReference; lastKnownFileType = sourcecode.swift; path = APIManager.swift; sourceTree = "<group>"; };
/* End PBXFileReference section */

/* Begin PBXFrameworksBuildPhase section */
		06168E0820A2CDCE008BD56E /* Frameworks */ = {
			isa = PBXFrameworksBuildPhase;
			buildActionMask = 2147483647;
			files = (
			);
			runOnlyForDeploymentPostprocessing = 0;
		};
/* End PBXFrameworksBuildPhase section */

/* Begin PBXGroup section */
		06168E0220A2CDCE008BD56E = {
			isa = PBXGroup;
			children = (
				06168E0D20A2CDCE008BD56E /* Computer database */,
				06168E0C20A2CDCE008BD56E /* Products */,
			);
			sourceTree = "<group>";
		};
		06168E0C20A2CDCE008BD56E /* Products */ = {
			isa = PBXGroup;
			children = (
				06168E0B20A2CDCE008BD56E /* Computer database.app */,
			);
			name = Products;
			sourceTree = "<group>";
		};
		06168E0D20A2CDCE008BD56E /* Computer database */ = {
			isa = PBXGroup;
			children = (
				06168E0E20A2CDCE008BD56E /* AppDelegate.swift */,
				06168E1220A2CDCE008BD56E /* Main.storyboard */,
				06168E1820A2CDD1008BD56E /* Assets.xcassets */,
				06168E1A20A2CDD1008BD56E /* LaunchScreen.storyboard */,
				06168E1D20A2CDD1008BD56E /* Info.plist */,
				06168E1520A2CDCE008BD56E /* Computer_database.xcdatamodeld */,
				0644213920A857A1005A1DE4 /* APIManager.swift */,
				0614224920A967A40091B5A5 /* TableViewController.swift */,
				0614224B20A97D0F0091B5A5 /* DatabaseTableViewCell.swift */,
			);
			path = "Computer database";
			sourceTree = "<group>";
		};
/* End PBXGroup section */

/* Begin PBXNativeTarget section */
		06168E0A20A2CDCE008BD56E /* Computer database */ = {
			isa = PBXNativeTarget;
			buildConfigurationList = 06168E2020A2CDD1008BD56E /* Build configuration list for PBXNativeTarget "Computer database" */;
			buildPhases = (
				06168E0720A2CDCE008BD56E /* Sources */,
				06168E0820A2CDCE008BD56E /* Frameworks */,
				06168E0920A2CDCE008BD56E /* Resources */,
			);
			buildRules = (
			);
			dependencies = (
			);
			name = "Computer database";
			productName = "Computer database";
			productReference = 06168E0B20A2CDCE008BD56E /* Computer database.app */;
			productType = "com.apple.product-type.application";
		};
/* End PBXNativeTarget section */

/* Begin PBXProject section */
		06168E0320A2CDCE008BD56E /* Project object */ = {
			isa = PBXProject;
			attributes = {
				LastSwiftUpdateCheck = 0930;
				LastUpgradeCheck = 0930;
				ORGANIZATIONNAME = "Эдуард Овчинников";
				TargetAttributes = {
					06168E0A20A2CDCE008BD56E = {
						CreatedOnToolsVersion = 9.3;
					};
				};
			};
			buildConfigurationList = 06168E0620A2CDCE008BD56E /* Build configuration list for PBXProject "Computer database" */;
			compatibilityVersion = "Xcode 9.3";
			developmentRegion = en;
			hasScannedForEncodings = 0;
			knownRegions = (
				en,
				Base,
			);
			mainGroup = 06168E0220A2CDCE008BD56E;
			productRefGroup = 06168E0C20A2CDCE008BD56E /* Products */;
			projectDirPath = "";
			projectRoot = "";
			targets = (
				06168E0A20A2CDCE008BD56E /* Computer database */,
			);
		};
/* End PBXProject section */

/* Begin PBXResourcesBuildPhase section */
		06168E0920A2CDCE008BD56E /* Resources */ = {
			isa = PBXResourcesBuildPhase;
			buildActionMask = 2147483647;
			files = (
				06168E1C20A2CDD1008BD56E /* LaunchScreen.storyboard in Resources */,
				06168E1920A2CDD1008BD56E /* Assets.xcassets in Resources */,
				06168E1420A2CDCE008BD56E /* Main.storyboard in Resources */,
			);
			runOnlyForDeploymentPostprocessing = 0;
		};
/* End PBXResourcesBuildPhase section */

/* Begin PBXSourcesBuildPhase section */
		06168E0720A2CDCE008BD56E /* Sources */ = {
			isa = PBXSourcesBuildPhase;
			buildActionMask = 2147483647;
			files = (
				0644213A20A857A1005A1DE4 /* APIManager.swift in Sources */,
				06168E1720A2CDCE008BD56E /* Computer_database.xcdatamodeld in Sources */,
				0614224A20A967A40091B5A5 /* TableViewController.swift in Sources */,
				0614224C20A97D0F0091B5A5 /* DatabaseTableViewCell.swift in Sources */,
				06168E0F20A2CDCE008BD56E /* AppDelegate.swift in Sources */,
			);
			runOnlyForDeploymentPostprocessing = 0;
		};
/* End PBXSourcesBuildPhase section */

/* Begin PBXVariantGroup section */
		06168E1220A2CDCE008BD56E /* Main.storyboard */ = {
			isa = PBXVariantGroup;
			children = (
				06168E1320A2CDCE008BD56E /* Base */,
			);
			name = Main.storyboard;
			sourceTree = "<group>";
		};
		06168E1A20A2CDD1008BD56E /* LaunchScreen.storyboard */ = {
			isa = PBXVariantGroup;
			children = (
				06168E1B20A2CDD1008BD56E /* Base */,
			);
			name = LaunchScreen.storyboard;
			sourceTree = "<group>";
		};
/* End PBXVariantGroup section */

/* Begin XCBuildConfiguration section */
		06168E1E20A2CDD1008BD56E /* Debug */ = {
			isa = XCBuildConfiguration;
			buildSettings = {
				ALWAYS_SEARCH_USER_PATHS = NO;
				CLANG_ANALYZER_NONNULL = YES;
				CLANG_ANALYZER_NUMBER_OBJECT_CONVERSION = YES_AGGRESSIVE;
				CLANG_CXX_LANGUAGE_STANDARD = "gnu++14";
				CLANG_CXX_LIBRARY = "libc++";
				CLANG_ENABLE_MODULES = YES;
				CLANG_ENABLE_OBJC_ARC = YES;
				CLANG_ENABLE_OBJC_WEAK = YES;
				CLANG_WARN_BLOCK_CAPTURE_AUTORELEASING = YES;
				CLANG_WARN_BOOL_CONVERSION = YES;
				CLANG_WARN_COMMA = YES;
				CLANG_WARN_CONSTANT_CONVERSION = YES;
				CLANG_WARN_DEPRECATED_OBJC_IMPLEMENTATIONS = YES;
				CLANG_WARN_DIRECT_OBJC_ISA_USAGE = YES_ERROR;
				CLANG_WARN_DOCUMENTATION_COMMENTS = YES;
				CLANG_WARN_EMPTY_BODY = YES;
				CLANG_WARN_ENUM_CONVERSION = YES;
				CLANG_WARN_INFINITE_RECURSION = YES;
				CLANG_WARN_INT_CONVERSION = YES;
				CLANG_WARN_NON_LITERAL_NULL_CONVERSION = YES;
				CLANG_WARN_OBJC_IMPLICIT_RETAIN_SELF = YES;
				CLANG_WARN_OBJC_LITERAL_CONVERSION = YES;
				CLANG_WARN_OBJC_ROOT_CLASS = YES_ERROR;
				CLANG_WARN_RANGE_LOOP_ANALYSIS = YES;
				CLANG_WARN_STRICT_PROTOTYPES = YES;
				CLANG_WARN_SUSPICIOUS_MOVE = YES;
				CLANG_WARN_UNGUARDED_AVAILABILITY = YES_AGGRESSIVE;
				CLANG_WARN_UNREACHABLE_CODE = YES;
				CLANG_WARN__DUPLICATE_METHOD_MATCH = YES;
				CODE_SIGN_IDENTITY = "iPhone Developer";
				COPY_PHASE_STRIP = NO;
				DEBUG_INFORMATION_FORMAT = dwarf;
				ENABLE_STRICT_OBJC_MSGSEND = YES;
				ENABLE_TESTABILITY = YES;
				GCC_C_LANGUAGE_STANDARD = gnu11;
				GCC_DYNAMIC_NO_PIC = NO;
				GCC_NO_COMMON_BLOCKS = YES;
				GCC_OPTIMIZATION_LEVEL = 0;
				GCC_PREPROCESSOR_DEFINITIONS = (
					"DEBUG=1",
					"$(inherited)",
				);
				GCC_WARN_64_TO_32_BIT_CONVERSION = YES;
				GCC_WARN_ABOUT_RETURN_TYPE = YES_ERROR;
				GCC_WARN_UNDECLARED_SELECTOR = YES;
				GCC_WARN_UNINITIALIZED_AUTOS = YES_AGGRESSIVE;
				GCC_WARN_UNUSED_FUNCTION = YES;
				GCC_WARN_UNUSED_VARIABLE = YES;
				IPHONEOS_DEPLOYMENT_TARGET = 11.3;
				MTL_ENABLE_DEBUG_INFO = YES;
				ONLY_ACTIVE_ARCH = YES;
				SDKROOT = iphoneos;
				SWIFT_ACTIVE_COMPILATION_CONDITIONS = DEBUG;
				SWIFT_OPTIMIZATION_LEVEL = "-Onone";
			};
			name = Debug;
		};
		06168E1F20A2CDD1008BD56E /* Release */ = {
			isa = XCBuildConfiguration;
			buildSettings = {
				ALWAYS_SEARCH_USER_PATHS = NO;
				CLANG_ANALYZER_NONNULL = YES;
				CLANG_ANALYZER_NUMBER_OBJECT_CONVERSION = YES_AGGRESSIVE;
				CLANG_CXX_LANGUAGE_STANDARD = "gnu++14";
				CLANG_CXX_LIBRARY = "libc++";
				CLANG_ENABLE_MODULES = YES;
				CLANG_ENABLE_OBJC_ARC = YES;
				CLANG_ENABLE_OBJC_WEAK = YES;
				CLANG_WARN_BLOCK_CAPTURE_AUTORELEASING = YES;
				CLANG_WARN_BOOL_CONVERSION = YES;
				CLANG_WARN_COMMA = YES;
				CLANG_WARN_CONSTANT_CONVERSION = YES;
				CLANG_WARN_DEPRECATED_OBJC_IMPLEMENTATIONS = YES;
				CLANG_WARN_DIRECT_OBJC_ISA_USAGE = YES_ERROR;
				CLANG_WARN_DOCUMENTATION_COMMENTS = YES;
				CLANG_WARN_EMPTY_BODY = YES;
				CLANG_WARN_ENUM_CONVERSION = YES;
				CLANG_WARN_INFINITE_RECURSION = YES;
				CLANG_WARN_INT_CONVERSION = YES;
				CLANG_WARN_NON_LITERAL_NULL_CONVERSION = YES;
				CLANG_WARN_OBJC_IMPLICIT_RETAIN_SELF = YES;
				CLANG_WARN_OBJC_LITERAL_CONVERSION = YES;
				CLANG_WARN_OBJC_ROOT_CLASS = YES_ERROR;
				CLANG_WARN_RANGE_LOOP_ANALYSIS = YES;
				CLANG_WARN_STRICT_PROTOTYPES = YES;
				CLANG_WARN_SUSPICIOUS_MOVE = YES;
				CLANG_WARN_UNGUARDED_AVAILABILITY = YES_AGGRESSIVE;
				CLANG_WARN_UNREACHABLE_CODE = YES;
				CLANG_WARN__DUPLICATE_METHOD_MATCH = YES;
				CODE_SIGN_IDENTITY = "iPhone Developer";
				COPY_PHASE_STRIP = NO;
				DEBUG_INFORMATION_FORMAT = "dwarf-with-dsym";
				ENABLE_NS_ASSERTIONS = NO;
				ENABLE_STRICT_OBJC_MSGSEND = YES;
				GCC_C_LANGUAGE_STANDARD = gnu11;
				GCC_NO_COMMON_BLOCKS = YES;
				GCC_WARN_64_TO_32_BIT_CONVERSION = YES;
				GCC_WARN_ABOUT_RETURN_TYPE = YES_ERROR;
				GCC_WARN_UNDECLARED_SELECTOR = YES;
				GCC_WARN_UNINITIALIZED_AUTOS = YES_AGGRESSIVE;
				GCC_WARN_UNUSED_FUNCTION = YES;
				GCC_WARN_UNUSED_VARIABLE = YES;
				IPHONEOS_DEPLOYMENT_TARGET = 11.3;
				MTL_ENABLE_DEBUG_INFO = NO;
				SDKROOT = iphoneos;
				SWIFT_COMPILATION_MODE = wholemodule;
				SWIFT_OPTIMIZATION_LEVEL = "-O";
				VALIDATE_PRODUCT = YES;
			};
			name = Release;
		};
		06168E2120A2CDD1008BD56E /* Debug */ = {
			isa = XCBuildConfiguration;
			buildSettings = {
				ASSETCATALOG_COMPILER_APPICON_NAME = AppIcon;
				CODE_SIGN_STYLE = Automatic;
				DEVELOPMENT_TEAM = N48MLAKUG2;
				INFOPLIST_FILE = "Computer database/Info.plist";
				LD_RUNPATH_SEARCH_PATHS = (
					"$(inherited)",
					"@executable_path/Frameworks",
				);
				PRODUCT_BUNDLE_IDENTIFIER = "EO.Computer-database";
				PRODUCT_NAME = "$(TARGET_NAME)";
				SWIFT_VERSION = 4.0;
				TARGETED_DEVICE_FAMILY = "1,2";
			};
			name = Debug;
		};
		06168E2220A2CDD1008BD56E /* Release */ = {
			isa = XCBuildConfiguration;
			buildSettings = {
				ASSETCATALOG_COMPILER_APPICON_NAME = AppIcon;
				CODE_SIGN_STYLE = Automatic;
				DEVELOPMENT_TEAM = N48MLAKUG2;
				INFOPLIST_FILE = "Computer database/Info.plist";
				LD_RUNPATH_SEARCH_PATHS = (
					"$(inherited)",
					"@executable_path/Frameworks",
				);
				PRODUCT_BUNDLE_IDENTIFIER = "EO.Computer-database";
				PRODUCT_NAME = "$(TARGET_NAME)";
				SWIFT_VERSION = 4.0;
				TARGETED_DEVICE_FAMILY = "1,2";
			};
			name = Release;
		};
/* End XCBuildConfiguration section */

/* Begin XCConfigurationList section */
		06168E0620A2CDCE008BD56E /* Build configuration list for PBXProject "Computer database" */ = {
			isa = XCConfigurationList;
			buildConfigurations = (
				06168E1E20A2CDD1008BD56E /* Debug */,
				06168E1F20A2CDD1008BD56E /* Release */,
			);
			defaultConfigurationIsVisible = 0;
			defaultConfigurationName = Release;
		};
		06168E2020A2CDD1008BD56E /* Build configuration list for PBXNativeTarget "Computer database" */ = {
			isa = XCConfigurationList;
			buildConfigurations = (
				06168E2120A2CDD1008BD56E /* Debug */,
				06168E2220A2CDD1008BD56E /* Release */,
			);
			defaultConfigurationIsVisible = 0;
			defaultConfigurationName = Release;
		};
/* End XCConfigurationList section */

/* Begin XCVersionGroup section */
		06168E1520A2CDCE008BD56E /* Computer_database.xcdatamodeld */ = {
			isa = XCVersionGroup;
			children = (
				06168E1620A2CDCE008BD56E /* Computer_database.xcdatamodel */,
			);
			currentVersion = 06168E1620A2CDCE008BD56E /* Computer_database.xcdatamodel */;
			path = Computer_database.xcdatamodeld;
			sourceTree = "<group>";
			versionGroupType = wrapper.xcdatamodel;
		};
/* End XCVersionGroup section */
	};
	rootObject = 06168E0320A2CDCE008BD56E /* Project object */;
}
